
Microsoft Visual Studio Solution File, Format Version 12.00
# Visual Studio Version 17
VisualStudioVersion = 17.4.33110.190
MinimumVisualStudioVersion = 10.0.40219.1
Project("{FAE04EC0-301F-11D3-BF4B-00C04F79EFBC}") = "TurkishTransformer", "TurkishTransformer\TurkishTransformer.csproj", "{5FF1D5D3-BE33-45EF-9847-9E5F48629BD4}"
EndProject
Global
	GlobalSection(SolutionConfigurationPlatforms) = preSolution
		Debug|Any CPU = Debug|Any CPU
		Release|Any CPU = Release|Any CPU
	EndGlobalSection
	GlobalSection(ProjectConfigurationPlatforms) = postSolution
		{5FF1D5D3-BE33-45EF-9847-9E5F48629BD4}.Debug|Any CPU.ActiveCfg = Debug|Any CPU
		{5FF1D5D3-BE33-45EF-9847-9E5F48629BD4}.Debug|Any CPU.Build.0 = Debug|Any CPU
		{5FF1D5D3-BE33-45EF-9847-9E5F48629BD4}.Release|Any CPU.ActiveCfg = Release|Any CPU
		{5FF1D5D3-BE33-45EF-9847-9E5F48629BD4}.Release|Any CPU.Build.0 = Release|Any CPU
	EndGlobalSection
	GlobalSection(SolutionProperties) = preSolution
		HideSolutionNode = FALSE
	EndGlobalSection
	GlobalSection(ExtensibilityGlobals) = postSolution
		SolutionGuid = {003C9252-5D13-4318-B551-ECE94AA90DEB}
	EndGlobalSection
EndGlobal
